
Microsoft Visual Studio Solution File, Format Version 12.00
# Visual Studio 14
VisualStudioVersion = 14.0.23107.0
MinimumVisualStudioVersion = 10.0.40219.1
Project("{2150E333-8FDC-42A3-9474-1A3956D46DE8}") = "Day1", "Day1", "{2386AD4C-09D2-4E75-B4A8-8A737E8A2670}"
EndProject
Project("{2150E333-8FDC-42A3-9474-1A3956D46DE8}") = "Infrastructure", "Infrastructure", "{7360EA0E-F8B2-433E-AFB8-3640A8E3DE59}"
EndProject
Project("{2150E333-8FDC-42A3-9474-1A3956D46DE8}") = "MongoDbDataStore", "MongoDbDataStore", "{DEB27226-5804-491A-A22F-6671D001E78B}"
EndProject
Project("{FAE04EC0-301F-11D3-BF4B-00C04F79EFBC}") = "Learning.CSharp.Utilities", "Learning.CSharp.Utilities\Learning.CSharp.Utilities.csproj", "{93609007-1EA7-48D4-8D9B-AB5E036BAE41}"
EndProject
Project("{FAE04EC0-301F-11D3-BF4B-00C04F79EFBC}") = "Learning.CSharp.Day1", "Learning.CSharp.Day1\Learning.CSharp.Day1.csproj", "{4F10EDE1-EADB-442D-B819-0C86D2FCB489}"
EndProject
Global
	GlobalSection(SolutionConfigurationPlatforms) = preSolution
		Debug|Any CPU = Debug|Any CPU
		Release|Any CPU = Release|Any CPU
	EndGlobalSection
	GlobalSection(ProjectConfigurationPlatforms) = postSolution
		{93609007-1EA7-48D4-8D9B-AB5E036BAE41}.Debug|Any CPU.ActiveCfg = Debug|Any CPU
		{93609007-1EA7-48D4-8D9B-AB5E036BAE41}.Debug|Any CPU.Build.0 = Debug|Any CPU
		{93609007-1EA7-48D4-8D9B-AB5E036BAE41}.Release|Any CPU.ActiveCfg = Release|Any CPU
		{93609007-1EA7-48D4-8D9B-AB5E036BAE41}.Release|Any CPU.Build.0 = Release|Any CPU
		{4F10EDE1-EADB-442D-B819-0C86D2FCB489}.Debug|Any CPU.ActiveCfg = Debug|Any CPU
		{4F10EDE1-EADB-442D-B819-0C86D2FCB489}.Debug|Any CPU.Build.0 = Debug|Any CPU
		{4F10EDE1-EADB-442D-B819-0C86D2FCB489}.Release|Any CPU.ActiveCfg = Release|Any CPU
		{4F10EDE1-EADB-442D-B819-0C86D2FCB489}.Release|Any CPU.Build.0 = Release|Any CPU
	EndGlobalSection
	GlobalSection(SolutionProperties) = preSolution
		HideSolutionNode = FALSE
	EndGlobalSection
	GlobalSection(NestedProjects) = preSolution
		{93609007-1EA7-48D4-8D9B-AB5E036BAE41} = {7360EA0E-F8B2-433E-AFB8-3640A8E3DE59}
		{4F10EDE1-EADB-442D-B819-0C86D2FCB489} = {2386AD4C-09D2-4E75-B4A8-8A737E8A2670}
	EndGlobalSection
EndGlobal
